
Microsoft Visual Studio Solution File, Format Version 12.00
# Visual Studio Version 17
VisualStudioVersion = 17.11.35327.3
MinimumVisualStudioVersion = 10.0.40219.1
Project("{FAE04EC0-301F-11D3-BF4B-00C04F79EFBC}") = "MatchingGame", "MatchingGame.csproj", "{EAC01610-3720-4848-8CAE-0BF9DD7F9B16}"
EndProject
Global
	GlobalSection(SolutionConfigurationPlatforms) = preSolution
		Debug|Any CPU = Debug|Any CPU
		Release|Any CPU = Release|Any CPU
	EndGlobalSection
	GlobalSection(ProjectConfigurationPlatforms) = postSolution
		{EAC01610-3720-4848-8CAE-0BF9DD7F9B16}.Debug|Any CPU.ActiveCfg = Debug|Any CPU
		{EAC01610-3720-4848-8CAE-0BF9DD7F9B16}.Debug|Any CPU.Build.0 = Debug|Any CPU
		{EAC01610-3720-4848-8CAE-0BF9DD7F9B16}.Release|Any CPU.ActiveCfg = Release|Any CPU
		{EAC01610-3720-4848-8CAE-0BF9DD7F9B16}.Release|Any CPU.Build.0 = Release|Any CPU
	EndGlobalSection
	GlobalSection(SolutionProperties) = preSolution
		HideSolutionNode = FALSE
	EndGlobalSection
	GlobalSection(ExtensibilityGlobals) = postSolution
		SolutionGuid = {6BB5389E-82B5-4D2C-AC69-2C1F24E372F4}
	EndGlobalSection
EndGlobal
